// !$*UTF8*$!
{
	archiveVersion = 1;
	classes = {
	};
	objectVersion = 56;
	objects = {

/* Begin PBXBuildFile section */
		C2DEF86F2A933E8000D298F2 /* DesignSystemStudyOnSwiftApp.swift in Sources */ = {isa = PBXBuildFile; fileRef = C2DEF86E2A933E8000D298F2 /* DesignSystemStudyOnSwiftApp.swift */; };
		C2DEF8712A933E8000D298F2 /* ContentView.swift in Sources */ = {isa = PBXBuildFile; fileRef = C2DEF8702A933E8000D298F2 /* ContentView.swift */; };
		C2DEF8732A933E8000D298F2 /* Assets.xcassets in Resources */ = {isa = PBXBuildFile; fileRef = C2DEF8722A933E8000D298F2 /* Assets.xcassets */; };
		C2DEF8762A933E8000D298F2 /* Preview Assets.xcassets in Resources */ = {isa = PBXBuildFile; fileRef = C2DEF8752A933E8000D298F2 /* Preview Assets.xcassets */; };
		C2DEF87E2A933F3600D298F2 /* ButtonStyle.swift in Sources */ = {isa = PBXBuildFile; fileRef = C2DEF87D2A933F3600D298F2 /* ButtonStyle.swift */; };
		C2DEF8802A93421000D298F2 /* ColorStyle.swift in Sources */ = {isa = PBXBuildFile; fileRef = C2DEF87F2A93421000D298F2 /* ColorStyle.swift */; };
		C2DEF8822A9477F400D298F2 /* TextFieldStyle.swift in Sources */ = {isa = PBXBuildFile; fileRef = C2DEF8812A9477F400D298F2 /* TextFieldStyle.swift */; };
/* End PBXBuildFile section */

/* Begin PBXFileReference section */
		C2DEF86B2A933E8000D298F2 /* DesignSystemStudyOnSwift.app */ = {isa = PBXFileReference; explicitFileType = wrapper.application; includeInIndex = 0; path = DesignSystemStudyOnSwift.app; sourceTree = BUILT_PRODUCTS_DIR; };
		C2DEF86E2A933E8000D298F2 /* DesignSystemStudyOnSwiftApp.swift */ = {isa = PBXFileReference; lastKnownFileType = sourcecode.swift; path = DesignSystemStudyOnSwiftApp.swift; sourceTree = "<group>"; };
		C2DEF8702A933E8000D298F2 /* ContentView.swift */ = {isa = PBXFileReference; lastKnownFileType = sourcecode.swift; path = ContentView.swift; sourceTree = "<group>"; };
		C2DEF8722A933E8000D298F2 /* Assets.xcassets */ = {isa = PBXFileReference; lastKnownFileType = folder.assetcatalog; path = Assets.xcassets; sourceTree = "<group>"; };
		C2DEF8752A933E8000D298F2 /* Preview Assets.xcassets */ = {isa = PBXFileReference; lastKnownFileType = folder.assetcatalog; path = "Preview Assets.xcassets"; sourceTree = "<group>"; };
		C2DEF87D2A933F3600D298F2 /* ButtonStyle.swift */ = {isa = PBXFileReference; lastKnownFileType = sourcecode.swift; path = ButtonStyle.swift; sourceTree = "<group>"; };
		C2DEF87F2A93421000D298F2 /* ColorStyle.swift */ = {isa = PBXFileReference; lastKnownFileType = sourcecode.swift; path = ColorStyle.swift; sourceTree = "<group>"; };
		C2DEF8812A9477F400D298F2 /* TextFieldStyle.swift */ = {isa = PBXFileReference; lastKnownFileType = sourcecode.swift; path = TextFieldStyle.swift; sourceTree = "<group>"; };
/* End PBXFileReference section */

/* Begin PBXFrameworksBuildPhase section */
		C2DEF8682A933E8000D298F2 /* Frameworks */ = {
			isa = PBXFrameworksBuildPhase;
			buildActionMask = 2147483647;
			files = (
			);
			runOnlyForDeploymentPostprocessing = 0;
		};
/* End PBXFrameworksBuildPhase section */

/* Begin PBXGroup section */
		C2DEF8622A933E8000D298F2 = {
			isa = PBXGroup;
			children = (
				C2DEF86D2A933E8000D298F2 /* DesignSystemStudyOnSwift */,
				C2DEF86C2A933E8000D298F2 /* Products */,
			);
			sourceTree = "<group>";
		};
		C2DEF86C2A933E8000D298F2 /* Products */ = {
			isa = PBXGroup;
			children = (
				C2DEF86B2A933E8000D298F2 /* DesignSystemStudyOnSwift.app */,
			);
			name = Products;
			sourceTree = "<group>";
		};
		C2DEF86D2A933E8000D298F2 /* DesignSystemStudyOnSwift */ = {
			isa = PBXGroup;
			children = (
				C2DEF87C2A933F1600D298F2 /* DesignSystem */,
				C2DEF86E2A933E8000D298F2 /* DesignSystemStudyOnSwiftApp.swift */,
				C2DEF8702A933E8000D298F2 /* ContentView.swift */,
				C2DEF8722A933E8000D298F2 /* Assets.xcassets */,
				C2DEF8742A933E8000D298F2 /* Preview Content */,
			);
			path = DesignSystemStudyOnSwift;
			sourceTree = "<group>";
		};
		C2DEF8742A933E8000D298F2 /* Preview Content */ = {
			isa = PBXGroup;
			children = (
				C2DEF8752A933E8000D298F2 /* Preview Assets.xcassets */,
			);
			path = "Preview Content";
			sourceTree = "<group>";
		};
		C2DEF87C2A933F1600D298F2 /* DesignSystem */ = {
			isa = PBXGroup;
			children = (
				C2DEF87D2A933F3600D298F2 /* ButtonStyle.swift */,
				C2DEF87F2A93421000D298F2 /* ColorStyle.swift */,
				C2DEF8812A9477F400D298F2 /* TextFieldStyle.swift */,
			);
			path = DesignSystem;
			sourceTree = "<group>";
		};
/* End PBXGroup section */

/* Begin PBXNativeTarget section */
		C2DEF86A2A933E8000D298F2 /* DesignSystemStudyOnSwift */ = {
			isa = PBXNativeTarget;
			buildConfigurationList = C2DEF8792A933E8000D298F2 /* Build configuration list for PBXNativeTarget "DesignSystemStudyOnSwift" */;
			buildPhases = (
				C2DEF8672A933E8000D298F2 /* Sources */,
				C2DEF8682A933E8000D298F2 /* Frameworks */,
				C2DEF8692A933E8000D298F2 /* Resources */,
			);
			buildRules = (
			);
			dependencies = (
			);
			name = DesignSystemStudyOnSwift;
			productName = DesignSystemStudyOnSwift;
			productReference = C2DEF86B2A933E8000D298F2 /* DesignSystemStudyOnSwift.app */;
			productType = "com.apple.product-type.application";
		};
/* End PBXNativeTarget section */

/* Begin PBXProject section */
		C2DEF8632A933E8000D298F2 /* Project object */ = {
			isa = PBXProject;
			attributes = {
				BuildIndependentTargetsInParallel = 1;
				LastSwiftUpdateCheck = 1430;
				LastUpgradeCheck = 1430;
				TargetAttributes = {
					C2DEF86A2A933E8000D298F2 = {
						CreatedOnToolsVersion = 14.3;
					};
				};
			};
			buildConfigurationList = C2DEF8662A933E8000D298F2 /* Build configuration list for PBXProject "DesignSystemStudyOnSwift" */;
			compatibilityVersion = "Xcode 14.0";
			developmentRegion = en;
			hasScannedForEncodings = 0;
			knownRegions = (
				en,
				Base,
			);
			mainGroup = C2DEF8622A933E8000D298F2;
			productRefGroup = C2DEF86C2A933E8000D298F2 /* Products */;
			projectDirPath = "";
			projectRoot = "";
			targets = (
				C2DEF86A2A933E8000D298F2 /* DesignSystemStudyOnSwift */,
			);
		};
/* End PBXProject section */

/* Begin PBXResourcesBuildPhase section */
		C2DEF8692A933E8000D298F2 /* Resources */ = {
			isa = PBXResourcesBuildPhase;
			buildActionMask = 2147483647;
			files = (
				C2DEF8762A933E8000D298F2 /* Preview Assets.xcassets in Resources */,
				C2DEF8732A933E8000D298F2 /* Assets.xcassets in Resources */,
			);
			runOnlyForDeploymentPostprocessing = 0;
		};
/* End PBXResourcesBuildPhase section */

/* Begin PBXSourcesBuildPhase section */
		C2DEF8672A933E8000D298F2 /* Sources */ = {
			isa = PBXSourcesBuildPhase;
			buildActionMask = 2147483647;
			files = (
				C2DEF87E2A933F3600D298F2 /* ButtonStyle.swift in Sources */,
				C2DEF8712A933E8000D298F2 /* ContentView.swift in Sources */,
				C2DEF86F2A933E8000D298F2 /* DesignSystemStudyOnSwiftApp.swift in Sources */,
				C2DEF8822A9477F400D298F2 /* TextFieldStyle.swift in Sources */,
				C2DEF8802A93421000D298F2 /* ColorStyle.swift in Sources */,
			);
			runOnlyForDeploymentPostprocessing = 0;
		};
/* End PBXSourcesBuildPhase section */

/* Begin XCBuildConfiguration section */
		C2DEF8772A933E8000D298F2 /* Debug */ = {
			isa = XCBuildConfiguration;
			buildSettings = {
				ALWAYS_SEARCH_USER_PATHS = NO;
				CLANG_ANALYZER_NONNULL = YES;
				CLANG_ANALYZER_NUMBER_OBJECT_CONVERSION = YES_AGGRESSIVE;
				CLANG_CXX_LANGUAGE_STANDARD = "gnu++20";
				CLANG_ENABLE_MODULES = YES;
				CLANG_ENABLE_OBJC_ARC = YES;
				CLANG_ENABLE_OBJC_WEAK = YES;
				CLANG_WARN_BLOCK_CAPTURE_AUTORELEASING = YES;
				CLANG_WARN_BOOL_CONVERSION = YES;
				CLANG_WARN_COMMA = YES;
				CLANG_WARN_CONSTANT_CONVERSION = YES;
				CLANG_WARN_DEPRECATED_OBJC_IMPLEMENTATIONS = YES;
				CLANG_WARN_DIRECT_OBJC_ISA_USAGE = YES_ERROR;
				CLANG_WARN_DOCUMENTATION_COMMENTS = YES;
				CLANG_WARN_EMPTY_BODY = YES;
				CLANG_WARN_ENUM_CONVERSION = YES;
				CLANG_WARN_INFINITE_RECURSION = YES;
				CLANG_WARN_INT_CONVERSION = YES;
				CLANG_WARN_NON_LITERAL_NULL_CONVERSION = YES;
				CLANG_WARN_OBJC_IMPLICIT_RETAIN_SELF = YES;
				CLANG_WARN_OBJC_LITERAL_CONVERSION = YES;
				CLANG_WARN_OBJC_ROOT_CLASS = YES_ERROR;
				CLANG_WARN_QUOTED_INCLUDE_IN_FRAMEWORK_HEADER = YES;
				CLANG_WARN_RANGE_LOOP_ANALYSIS = YES;
				CLANG_WARN_STRICT_PROTOTYPES = YES;
				CLANG_WARN_SUSPICIOUS_MOVE = YES;
				CLANG_WARN_UNGUARDED_AVAILABILITY = YES_AGGRESSIVE;
				CLANG_WARN_UNREACHABLE_CODE = YES;
				CLANG_WARN__DUPLICATE_METHOD_MATCH = YES;
				COPY_PHASE_STRIP = NO;
				DEBUG_INFORMATION_FORMAT = dwarf;
				ENABLE_STRICT_OBJC_MSGSEND = YES;
				ENABLE_TESTABILITY = YES;
				GCC_C_LANGUAGE_STANDARD = gnu11;
				GCC_DYNAMIC_NO_PIC = NO;
				GCC_NO_COMMON_BLOCKS = YES;
				GCC_OPTIMIZATION_LEVEL = 0;
				GCC_PREPROCESSOR_DEFINITIONS = (
					"DEBUG=1",
					"$(inherited)",
				);
				GCC_WARN_64_TO_32_BIT_CONVERSION = YES;
				GCC_WARN_ABOUT_RETURN_TYPE = YES_ERROR;
				GCC_WARN_UNDECLARED_SELECTOR = YES;
				GCC_WARN_UNINITIALIZED_AUTOS = YES_AGGRESSIVE;
				GCC_WARN_UNUSED_FUNCTION = YES;
				GCC_WARN_UNUSED_VARIABLE = YES;
				IPHONEOS_DEPLOYMENT_TARGET = 16.4;
				MTL_ENABLE_DEBUG_INFO = INCLUDE_SOURCE;
				MTL_FAST_MATH = YES;
				ONLY_ACTIVE_ARCH = YES;
				SDKROOT = iphoneos;
				SWIFT_ACTIVE_COMPILATION_CONDITIONS = DEBUG;
				SWIFT_OPTIMIZATION_LEVEL = "-Onone";
			};
			name = Debug;
		};
		C2DEF8782A933E8000D298F2 /* Release */ = {
			isa = XCBuildConfiguration;
			buildSettings = {
				ALWAYS_SEARCH_USER_PATHS = NO;
				CLANG_ANALYZER_NONNULL = YES;
				CLANG_ANALYZER_NUMBER_OBJECT_CONVERSION = YES_AGGRESSIVE;
				CLANG_CXX_LANGUAGE_STANDARD = "gnu++20";
				CLANG_ENABLE_MODULES = YES;
				CLANG_ENABLE_OBJC_ARC = YES;
				CLANG_ENABLE_OBJC_WEAK = YES;
				CLANG_WARN_BLOCK_CAPTURE_AUTORELEASING = YES;
				CLANG_WARN_BOOL_CONVERSION = YES;
				CLANG_WARN_COMMA = YES;
				CLANG_WARN_CONSTANT_CONVERSION = YES;
				CLANG_WARN_DEPRECATED_OBJC_IMPLEMENTATIONS = YES;
				CLANG_WARN_DIRECT_OBJC_ISA_USAGE = YES_ERROR;
				CLANG_WARN_DOCUMENTATION_COMMENTS = YES;
				CLANG_WARN_EMPTY_BODY = YES;
				CLANG_WARN_ENUM_CONVERSION = YES;
				CLANG_WARN_INFINITE_RECURSION = YES;
				CLANG_WARN_INT_CONVERSION = YES;
				CLANG_WARN_NON_LITERAL_NULL_CONVERSION = YES;
				CLANG_WARN_OBJC_IMPLICIT_RETAIN_SELF = YES;
				CLANG_WARN_OBJC_LITERAL_CONVERSION = YES;
				CLANG_WARN_OBJC_ROOT_CLASS = YES_ERROR;
				CLANG_WARN_QUOTED_INCLUDE_IN_FRAMEWORK_HEADER = YES;
				CLANG_WARN_RANGE_LOOP_ANALYSIS = YES;
				CLANG_WARN_STRICT_PROTOTYPES = YES;
				CLANG_WARN_SUSPICIOUS_MOVE = YES;
				CLANG_WARN_UNGUARDED_AVAILABILITY = YES_AGGRESSIVE;
				CLANG_WARN_UNREACHABLE_CODE = YES;
				CLANG_WARN__DUPLICATE_METHOD_MATCH = YES;
				COPY_PHASE_STRIP = NO;
				DEBUG_INFORMATION_FORMAT = "dwarf-with-dsym";
				ENABLE_NS_ASSERTIONS = NO;
				ENABLE_STRICT_OBJC_MSGSEND = YES;
				GCC_C_LANGUAGE_STANDARD = gnu11;
				GCC_NO_COMMON_BLOCKS = YES;
				GCC_WARN_64_TO_32_BIT_CONVERSION = YES;
				GCC_WARN_ABOUT_RETURN_TYPE = YES_ERROR;
				GCC_WARN_UNDECLARED_SELECTOR = YES;
				GCC_WARN_UNINITIALIZED_AUTOS = YES_AGGRESSIVE;
				GCC_WARN_UNUSED_FUNCTION = YES;
				GCC_WARN_UNUSED_VARIABLE = YES;
				IPHONEOS_DEPLOYMENT_TARGET = 16.4;
				MTL_ENABLE_DEBUG_INFO = NO;
				MTL_FAST_MATH = YES;
				SDKROOT = iphoneos;
				SWIFT_COMPILATION_MODE = wholemodule;
				SWIFT_OPTIMIZATION_LEVEL = "-O";
				VALIDATE_PRODUCT = YES;
			};
			name = Release;
		};
		C2DEF87A2A933E8000D298F2 /* Debug */ = {
			isa = XCBuildConfiguration;
			buildSettings = {
				ASSETCATALOG_COMPILER_APPICON_NAME = AppIcon;
				ASSETCATALOG_COMPILER_GLOBAL_ACCENT_COLOR_NAME = AccentColor;
				CODE_SIGN_STYLE = Automatic;
				CURRENT_PROJECT_VERSION = 1;
				DEVELOPMENT_ASSET_PATHS = "\"DesignSystemStudyOnSwift/Preview Content\"";
				DEVELOPMENT_TEAM = HLS34A9223;
				ENABLE_PREVIEWS = YES;
				GENERATE_INFOPLIST_FILE = YES;
				INFOPLIST_KEY_UIApplicationSceneManifest_Generation = YES;
				INFOPLIST_KEY_UIApplicationSupportsIndirectInputEvents = YES;
				INFOPLIST_KEY_UILaunchScreen_Generation = YES;
				INFOPLIST_KEY_UISupportedInterfaceOrientations_iPad = "UIInterfaceOrientationPortrait UIInterfaceOrientationPortraitUpsideDown UIInterfaceOrientationLandscapeLeft UIInterfaceOrientationLandscapeRight";
				INFOPLIST_KEY_UISupportedInterfaceOrientations_iPhone = "UIInterfaceOrientationPortrait UIInterfaceOrientationLandscapeLeft UIInterfaceOrientationLandscapeRight";
				LD_RUNPATH_SEARCH_PATHS = (
					"$(inherited)",
					"@executable_path/Frameworks",
				);
				MARKETING_VERSION = 1.0;
				PRODUCT_BUNDLE_IDENTIFIER = com.tomato.DesignSystemStudyOnSwift;
				PRODUCT_NAME = "$(TARGET_NAME)";
				SWIFT_EMIT_LOC_STRINGS = YES;
				SWIFT_VERSION = 5.0;
				TARGETED_DEVICE_FAMILY = "1,2";
			};
			name = Debug;
		};
		C2DEF87B2A933E8000D298F2 /* Release */ = {
			isa = XCBuildConfiguration;
			buildSettings = {
				ASSETCATALOG_COMPILER_APPICON_NAME = AppIcon;
				ASSETCATALOG_COMPILER_GLOBAL_ACCENT_COLOR_NAME = AccentColor;
				CODE_SIGN_STYLE = Automatic;
				CURRENT_PROJECT_VERSION = 1;
				DEVELOPMENT_ASSET_PATHS = "\"DesignSystemStudyOnSwift/Preview Content\"";
				DEVELOPMENT_TEAM = HLS34A9223;
				ENABLE_PREVIEWS = YES;
				GENERATE_INFOPLIST_FILE = YES;
				INFOPLIST_KEY_UIApplicationSceneManifest_Generation = YES;
				INFOPLIST_KEY_UIApplicationSupportsIndirectInputEvents = YES;
				INFOPLIST_KEY_UILaunchScreen_Generation = YES;
				INFOPLIST_KEY_UISupportedInterfaceOrientations_iPad = "UIInterfaceOrientationPortrait UIInterfaceOrientationPortraitUpsideDown UIInterfaceOrientationLandscapeLeft UIInterfaceOrientationLandscapeRight";
				INFOPLIST_KEY_UISupportedInterfaceOrientations_iPhone = "UIInterfaceOrientationPortrait UIInterfaceOrientationLandscapeLeft UIInterfaceOrientationLandscapeRight";
				LD_RUNPATH_SEARCH_PATHS = (
					"$(inherited)",
					"@executable_path/Frameworks",
				);
				MARKETING_VERSION = 1.0;
				PRODUCT_BUNDLE_IDENTIFIER = com.tomato.DesignSystemStudyOnSwift;
				PRODUCT_NAME = "$(TARGET_NAME)";
				SWIFT_EMIT_LOC_STRINGS = YES;
				SWIFT_VERSION = 5.0;
				TARGETED_DEVICE_FAMILY = "1,2";
			};
			name = Release;
		};
/* End XCBuildConfiguration section */

/* Begin XCConfigurationList section */
		C2DEF8662A933E8000D298F2 /* Build configuration list for PBXProject "DesignSystemStudyOnSwift" */ = {
			isa = XCConfigurationList;
			buildConfigurations = (
				C2DEF8772A933E8000D298F2 /* Debug */,
				C2DEF8782A933E8000D298F2 /* Release */,
			);
			defaultConfigurationIsVisible = 0;
			defaultConfigurationName = Release;
		};
		C2DEF8792A933E8000D298F2 /* Build configuration list for PBXNativeTarget "DesignSystemStudyOnSwift" */ = {
			isa = XCConfigurationList;
			buildConfigurations = (
				C2DEF87A2A933E8000D298F2 /* Debug */,
				C2DEF87B2A933E8000D298F2 /* Release */,
			);
			defaultConfigurationIsVisible = 0;
			defaultConfigurationName = Release;
		};
/* End XCConfigurationList section */
	};
	rootObject = C2DEF8632A933E8000D298F2 /* Project object */;
}
